
Microsoft Visual Studio Solution File, Format Version 12.00
# Visual Studio Version 16
VisualStudioVersion = 16.0.29613.14
MinimumVisualStudioVersion = 10.0.40219.1
Project("{FAE04EC0-301F-11D3-BF4B-00C04F79EFBC}") = "SystrayProxyManager", "SystrayProxyManager\SystrayProxyManager.csproj", "{8A0D9549-C69D-4E75-8404-09E57E097369}"
EndProject
Global
	GlobalSection(SolutionConfigurationPlatforms) = preSolution
		Debug|Any CPU = Debug|Any CPU
		Release|Any CPU = Release|Any CPU
	EndGlobalSection
	GlobalSection(ProjectConfigurationPlatforms) = postSolution
		{8A0D9549-C69D-4E75-8404-09E57E097369}.Debug|Any CPU.ActiveCfg = Debug|Any CPU
		{8A0D9549-C69D-4E75-8404-09E57E097369}.Debug|Any CPU.Build.0 = Debug|Any CPU
		{8A0D9549-C69D-4E75-8404-09E57E097369}.Release|Any CPU.ActiveCfg = Release|Any CPU
		{8A0D9549-C69D-4E75-8404-09E57E097369}.Release|Any CPU.Build.0 = Release|Any CPU
	EndGlobalSection
	GlobalSection(SolutionProperties) = preSolution
		HideSolutionNode = FALSE
	EndGlobalSection
	GlobalSection(ExtensibilityGlobals) = postSolution
		SolutionGuid = {33352418-F26A-4518-BF5E-C736DAB7644D}
	EndGlobalSection
EndGlobal
